
Microsoft Visual Studio Solution File, Format Version 12.00
# Visual Studio Version 17
VisualStudioVersion = 17.5.33627.172
MinimumVisualStudioVersion = 10.0.40219.1
Project("{2150E333-8FDC-42A3-9474-1A3956D46DE8}") = "LogicalAndReviewCode", "LogicalAndReviewCode", "{8CF83CE8-9587-40EF-9732-5052AB1349A6}"
	ProjectSection(SolutionItems) = preProject
		LogicalAndReviewCode.1.cs = LogicalAndReviewCode.1.cs
	EndProjectSection
EndProject
Project("{2150E333-8FDC-42A3-9474-1A3956D46DE8}") = "WebAppTest", "WebAppTest", "{76CA0539-BA72-44D6-8B13-F7630C4AA91B}"
EndProject
Project("{2150E333-8FDC-42A3-9474-1A3956D46DE8}") = "src", "src", "{0D90E858-CBF8-4869-B078-3A57C80DD908}"
EndProject
Project("{2150E333-8FDC-42A3-9474-1A3956D46DE8}") = "Core", "Core", "{71E88554-A9D8-4CF6-A98A-09D70150A5B3}"
EndProject
Project("{2150E333-8FDC-42A3-9474-1A3956D46DE8}") = "Infrastructure", "Infrastructure", "{4E7B81FA-D8A8-4E02-9278-8DF88255B6FD}"
EndProject
Project("{2150E333-8FDC-42A3-9474-1A3956D46DE8}") = "API", "API", "{23632C08-8F3C-4B8B-ADAF-FF4820F31204}"
EndProject
Project("{2150E333-8FDC-42A3-9474-1A3956D46DE8}") = "UI", "UI", "{6F3B371E-8B3F-4E26-B742-A94D319A9444}"
EndProject
Project("{9A19103F-16F7-4668-BE54-9A1E7A4F7556}") = "DocVault.Api", "WebAppTest\Api\DocVault.Api\DocVault.Api.csproj", "{D37EDD27-5FFD-4504-93B7-6A65A3C3839B}"
EndProject
Project("{9A19103F-16F7-4668-BE54-9A1E7A4F7556}") = "DocVault.Application", "WebAppTest\Core\DocVault.Application\DocVault.Application.csproj", "{88A5B9E5-80F8-4E48-AB58-B3F8767C0424}"
EndProject
Project("{9A19103F-16F7-4668-BE54-9A1E7A4F7556}") = "DocVault.Domain", "WebAppTest\Core\DocVault.Domain\DocVault.Domain.csproj", "{9C24EF0B-EE22-41D7-BF98-74794D3D45EC}"
EndProject
Project("{9A19103F-16F7-4668-BE54-9A1E7A4F7556}") = "DocVault.Identity", "WebAppTest\Infrastructure\DocVault.Identity\DocVault.Identity.csproj", "{5C940CA8-89EB-4032-81E5-A89E7920092B}"
EndProject
Project("{9A19103F-16F7-4668-BE54-9A1E7A4F7556}") = "DocVault.Infrastructure", "WebAppTest\Infrastructure\DocVault.Infrastructure\DocVault.Infrastructure.csproj", "{0777B9EC-399D-4E67-AB96-2B9E3EAE228B}"
EndProject
Project("{9A19103F-16F7-4668-BE54-9A1E7A4F7556}") = "DocVault.Repository", "WebAppTest\Infrastructure\DocVault.Repository\DocVault.Repository.csproj", "{3B586CC4-8970-4D8E-B0D6-B9C569697DB2}"
EndProject
Project("{9A19103F-16F7-4668-BE54-9A1E7A4F7556}") = "DocVault.Web", "WebAppTest\UI\DocVault.Web\DocVault.Web.csproj", "{C803ED4E-BEA6-4C9D-B6A5-DE3C35DA9F1D}"
EndProject
Global
	GlobalSection(SolutionConfigurationPlatforms) = preSolution
		Debug|Any CPU = Debug|Any CPU
		Release|Any CPU = Release|Any CPU
	EndGlobalSection
	GlobalSection(ProjectConfigurationPlatforms) = postSolution
		{D37EDD27-5FFD-4504-93B7-6A65A3C3839B}.Debug|Any CPU.ActiveCfg = Debug|Any CPU
		{D37EDD27-5FFD-4504-93B7-6A65A3C3839B}.Debug|Any CPU.Build.0 = Debug|Any CPU
		{D37EDD27-5FFD-4504-93B7-6A65A3C3839B}.Release|Any CPU.ActiveCfg = Release|Any CPU
		{D37EDD27-5FFD-4504-93B7-6A65A3C3839B}.Release|Any CPU.Build.0 = Release|Any CPU
		{88A5B9E5-80F8-4E48-AB58-B3F8767C0424}.Debug|Any CPU.ActiveCfg = Debug|Any CPU
		{88A5B9E5-80F8-4E48-AB58-B3F8767C0424}.Debug|Any CPU.Build.0 = Debug|Any CPU
		{88A5B9E5-80F8-4E48-AB58-B3F8767C0424}.Release|Any CPU.ActiveCfg = Release|Any CPU
		{88A5B9E5-80F8-4E48-AB58-B3F8767C0424}.Release|Any CPU.Build.0 = Release|Any CPU
		{9C24EF0B-EE22-41D7-BF98-74794D3D45EC}.Debug|Any CPU.ActiveCfg = Debug|Any CPU
		{9C24EF0B-EE22-41D7-BF98-74794D3D45EC}.Debug|Any CPU.Build.0 = Debug|Any CPU
		{9C24EF0B-EE22-41D7-BF98-74794D3D45EC}.Release|Any CPU.ActiveCfg = Release|Any CPU
		{9C24EF0B-EE22-41D7-BF98-74794D3D45EC}.Release|Any CPU.Build.0 = Release|Any CPU
		{5C940CA8-89EB-4032-81E5-A89E7920092B}.Debug|Any CPU.ActiveCfg = Debug|Any CPU
		{5C940CA8-89EB-4032-81E5-A89E7920092B}.Debug|Any CPU.Build.0 = Debug|Any CPU
		{5C940CA8-89EB-4032-81E5-A89E7920092B}.Release|Any CPU.ActiveCfg = Release|Any CPU
		{5C940CA8-89EB-4032-81E5-A89E7920092B}.Release|Any CPU.Build.0 = Release|Any CPU
		{0777B9EC-399D-4E67-AB96-2B9E3EAE228B}.Debug|Any CPU.ActiveCfg = Debug|Any CPU
		{0777B9EC-399D-4E67-AB96-2B9E3EAE228B}.Debug|Any CPU.Build.0 = Debug|Any CPU
		{0777B9EC-399D-4E67-AB96-2B9E3EAE228B}.Release|Any CPU.ActiveCfg = Release|Any CPU
		{0777B9EC-399D-4E67-AB96-2B9E3EAE228B}.Release|Any CPU.Build.0 = Release|Any CPU
		{3B586CC4-8970-4D8E-B0D6-B9C569697DB2}.Debug|Any CPU.ActiveCfg = Debug|Any CPU
		{3B586CC4-8970-4D8E-B0D6-B9C569697DB2}.Debug|Any CPU.Build.0 = Debug|Any CPU
		{3B586CC4-8970-4D8E-B0D6-B9C569697DB2}.Release|Any CPU.ActiveCfg = Release|Any CPU
		{3B586CC4-8970-4D8E-B0D6-B9C569697DB2}.Release|Any CPU.Build.0 = Release|Any CPU
		{C803ED4E-BEA6-4C9D-B6A5-DE3C35DA9F1D}.Debug|Any CPU.ActiveCfg = Debug|Any CPU
		{C803ED4E-BEA6-4C9D-B6A5-DE3C35DA9F1D}.Debug|Any CPU.Build.0 = Debug|Any CPU
		{C803ED4E-BEA6-4C9D-B6A5-DE3C35DA9F1D}.Release|Any CPU.ActiveCfg = Release|Any CPU
		{C803ED4E-BEA6-4C9D-B6A5-DE3C35DA9F1D}.Release|Any CPU.Build.0 = Release|Any CPU
	EndGlobalSection
	GlobalSection(SolutionProperties) = preSolution
		HideSolutionNode = FALSE
	EndGlobalSection
	GlobalSection(NestedProjects) = preSolution
		{0D90E858-CBF8-4869-B078-3A57C80DD908} = {76CA0539-BA72-44D6-8B13-F7630C4AA91B}
		{71E88554-A9D8-4CF6-A98A-09D70150A5B3} = {0D90E858-CBF8-4869-B078-3A57C80DD908}
		{4E7B81FA-D8A8-4E02-9278-8DF88255B6FD} = {0D90E858-CBF8-4869-B078-3A57C80DD908}
		{23632C08-8F3C-4B8B-ADAF-FF4820F31204} = {0D90E858-CBF8-4869-B078-3A57C80DD908}
		{6F3B371E-8B3F-4E26-B742-A94D319A9444} = {0D90E858-CBF8-4869-B078-3A57C80DD908}
		{D37EDD27-5FFD-4504-93B7-6A65A3C3839B} = {23632C08-8F3C-4B8B-ADAF-FF4820F31204}
		{88A5B9E5-80F8-4E48-AB58-B3F8767C0424} = {71E88554-A9D8-4CF6-A98A-09D70150A5B3}
		{9C24EF0B-EE22-41D7-BF98-74794D3D45EC} = {71E88554-A9D8-4CF6-A98A-09D70150A5B3}
		{5C940CA8-89EB-4032-81E5-A89E7920092B} = {4E7B81FA-D8A8-4E02-9278-8DF88255B6FD}
		{0777B9EC-399D-4E67-AB96-2B9E3EAE228B} = {4E7B81FA-D8A8-4E02-9278-8DF88255B6FD}
		{3B586CC4-8970-4D8E-B0D6-B9C569697DB2} = {4E7B81FA-D8A8-4E02-9278-8DF88255B6FD}
		{C803ED4E-BEA6-4C9D-B6A5-DE3C35DA9F1D} = {6F3B371E-8B3F-4E26-B742-A94D319A9444}
	EndGlobalSection
	GlobalSection(ExtensibilityGlobals) = postSolution
		SolutionGuid = {DEA47289-136D-4362-82AE-48318F8AACF4}
	EndGlobalSection
EndGlobal
